
Microsoft Visual Studio Solution File, Format Version 12.00
# Visual Studio Version 16
VisualStudioVersion = 16.0.30517.126
MinimumVisualStudioVersion = 10.0.40219.1
Project("{FAE04EC0-301F-11D3-BF4B-00C04F79EFBC}") = "lab6", "lab6.csproj", "{49B306F0-0752-46A0-ACAE-60D6A1A50697}"
EndProject
Global
	GlobalSection(SolutionConfigurationPlatforms) = preSolution
		Debug|Any CPU = Debug|Any CPU
		Release|Any CPU = Release|Any CPU
	EndGlobalSection
	GlobalSection(ProjectConfigurationPlatforms) = postSolution
		{49B306F0-0752-46A0-ACAE-60D6A1A50697}.Debug|Any CPU.ActiveCfg = Debug|Any CPU
		{49B306F0-0752-46A0-ACAE-60D6A1A50697}.Debug|Any CPU.Build.0 = Debug|Any CPU
		{49B306F0-0752-46A0-ACAE-60D6A1A50697}.Release|Any CPU.ActiveCfg = Release|Any CPU
		{49B306F0-0752-46A0-ACAE-60D6A1A50697}.Release|Any CPU.Build.0 = Release|Any CPU
	EndGlobalSection
	GlobalSection(SolutionProperties) = preSolution
		HideSolutionNode = FALSE
	EndGlobalSection
	GlobalSection(ExtensibilityGlobals) = postSolution
		SolutionGuid = {66274D43-0271-470E-8050-3647E0BCA629}
	EndGlobalSection
EndGlobal
